
Microsoft Visual Studio Solution File, Format Version 12.00
# Visual Studio 15
VisualStudioVersion = 15.0.27703.2035
MinimumVisualStudioVersion = 10.0.40219.1
Project("{9A19103F-16F7-4668-BE54-9A1E7A4F7556}") = "Rober.Core", "Rober.Core\Rober.Core.csproj", "{F098720A-4924-40EC-8789-E747159AC357}"
EndProject
Project("{2150E333-8FDC-42A3-9474-1A3956D46DE8}") = "Infrastructure", "Infrastructure", "{FD21E594-AA6C-4F31-B63A-4ED4DD20548D}"
EndProject
Project("{2150E333-8FDC-42A3-9474-1A3956D46DE8}") = "Repository", "Repository", "{854E23AE-56BF-478E-BA63-CE3980030501}"
EndProject
Project("{2150E333-8FDC-42A3-9474-1A3956D46DE8}") = "Service", "Service", "{44123D1A-C3B9-4769-B34A-7A34A42FB0EE}"
EndProject
Project("{2150E333-8FDC-42A3-9474-1A3956D46DE8}") = "UI", "UI", "{99646503-6550-4D47-B5B8-8B5A125BC798}"
EndProject
Project("{9A19103F-16F7-4668-BE54-9A1E7A4F7556}") = "Rober.IDAL", "Rober.IDAL\Rober.IDAL.csproj", "{7AC37832-8D27-4562-B1C2-1980C83C2D71}"
EndProject
Project("{9A19103F-16F7-4668-BE54-9A1E7A4F7556}") = "Rober.DAL", "Rober.DAL\Rober.DAL.csproj", "{4282883D-ECA0-4486-9EA2-0C85F9576C2E}"
EndProject
Project("{9A19103F-16F7-4668-BE54-9A1E7A4F7556}") = "Rober.Action", "Rober.Action\Rober.Action.csproj", "{039B269C-02BD-4E7A-8F5D-4E103D0AB964}"
EndProject
Project("{9A19103F-16F7-4668-BE54-9A1E7A4F7556}") = "Rober.WebApp", "Rober.WebApp\Rober.WebApp.csproj", "{786EBAD5-E0AB-4298-998E-64D7E96F2585}"
EndProject
Project("{9A19103F-16F7-4668-BE54-9A1E7A4F7556}") = "Rober.WebApp.Framework", "Rober.WebApp.Framework\Rober.WebApp.Framework.csproj", "{FE4E705A-EBDF-430C-A3DE-71A58C306D16}"
EndProject
Project("{9A19103F-16F7-4668-BE54-9A1E7A4F7556}") = "Rober.Action.Model", "Rober.Action.Model\Rober.Action.Model.csproj", "{9181B2CC-C6F2-4D5D-B175-A5FCF0EB431B}"
EndProject
Project("{2150E333-8FDC-42A3-9474-1A3956D46DE8}") = "ServerApp", "ServerApp", "{4CD91DFD-6367-4DBC-ACB4-202F901F5DCB}"
EndProject
Project("{9A19103F-16F7-4668-BE54-9A1E7A4F7556}") = "Rober.ServerApp", "Rober.ServerApp\Rober.ServerApp.csproj", "{D79A507E-EE07-482E-B42D-2D21F43C50A3}"
EndProject
Project("{9A19103F-16F7-4668-BE54-9A1E7A4F7556}") = "Rober.ServerApp.Framework", "Rober.ServerApp.Framework\Rober.ServerApp.Framework.csproj", "{9F297119-0C1B-4761-9394-BFB3B83C437B}"
EndProject
Global
	GlobalSection(SolutionConfigurationPlatforms) = preSolution
		Debug|Any CPU = Debug|Any CPU
		Release|Any CPU = Release|Any CPU
	EndGlobalSection
	GlobalSection(ProjectConfigurationPlatforms) = postSolution
		{F098720A-4924-40EC-8789-E747159AC357}.Debug|Any CPU.ActiveCfg = Debug|Any CPU
		{F098720A-4924-40EC-8789-E747159AC357}.Debug|Any CPU.Build.0 = Debug|Any CPU
		{F098720A-4924-40EC-8789-E747159AC357}.Release|Any CPU.ActiveCfg = Release|Any CPU
		{F098720A-4924-40EC-8789-E747159AC357}.Release|Any CPU.Build.0 = Release|Any CPU
		{7AC37832-8D27-4562-B1C2-1980C83C2D71}.Debug|Any CPU.ActiveCfg = Debug|Any CPU
		{7AC37832-8D27-4562-B1C2-1980C83C2D71}.Debug|Any CPU.Build.0 = Debug|Any CPU
		{7AC37832-8D27-4562-B1C2-1980C83C2D71}.Release|Any CPU.ActiveCfg = Release|Any CPU
		{7AC37832-8D27-4562-B1C2-1980C83C2D71}.Release|Any CPU.Build.0 = Release|Any CPU
		{4282883D-ECA0-4486-9EA2-0C85F9576C2E}.Debug|Any CPU.ActiveCfg = Debug|Any CPU
		{4282883D-ECA0-4486-9EA2-0C85F9576C2E}.Debug|Any CPU.Build.0 = Debug|Any CPU
		{4282883D-ECA0-4486-9EA2-0C85F9576C2E}.Release|Any CPU.ActiveCfg = Release|Any CPU
		{4282883D-ECA0-4486-9EA2-0C85F9576C2E}.Release|Any CPU.Build.0 = Release|Any CPU
		{039B269C-02BD-4E7A-8F5D-4E103D0AB964}.Debug|Any CPU.ActiveCfg = Debug|Any CPU
		{039B269C-02BD-4E7A-8F5D-4E103D0AB964}.Debug|Any CPU.Build.0 = Debug|Any CPU
		{039B269C-02BD-4E7A-8F5D-4E103D0AB964}.Release|Any CPU.ActiveCfg = Release|Any CPU
		{039B269C-02BD-4E7A-8F5D-4E103D0AB964}.Release|Any CPU.Build.0 = Release|Any CPU
		{786EBAD5-E0AB-4298-998E-64D7E96F2585}.Debug|Any CPU.ActiveCfg = Debug|Any CPU
		{786EBAD5-E0AB-4298-998E-64D7E96F2585}.Debug|Any CPU.Build.0 = Debug|Any CPU
		{786EBAD5-E0AB-4298-998E-64D7E96F2585}.Release|Any CPU.ActiveCfg = Release|Any CPU
		{786EBAD5-E0AB-4298-998E-64D7E96F2585}.Release|Any CPU.Build.0 = Release|Any CPU
		{FE4E705A-EBDF-430C-A3DE-71A58C306D16}.Debug|Any CPU.ActiveCfg = Debug|Any CPU
		{FE4E705A-EBDF-430C-A3DE-71A58C306D16}.Debug|Any CPU.Build.0 = Debug|Any CPU
		{FE4E705A-EBDF-430C-A3DE-71A58C306D16}.Release|Any CPU.ActiveCfg = Release|Any CPU
		{FE4E705A-EBDF-430C-A3DE-71A58C306D16}.Release|Any CPU.Build.0 = Release|Any CPU
		{9181B2CC-C6F2-4D5D-B175-A5FCF0EB431B}.Debug|Any CPU.ActiveCfg = Debug|Any CPU
		{9181B2CC-C6F2-4D5D-B175-A5FCF0EB431B}.Debug|Any CPU.Build.0 = Debug|Any CPU
		{9181B2CC-C6F2-4D5D-B175-A5FCF0EB431B}.Release|Any CPU.ActiveCfg = Release|Any CPU
		{9181B2CC-C6F2-4D5D-B175-A5FCF0EB431B}.Release|Any CPU.Build.0 = Release|Any CPU
		{D79A507E-EE07-482E-B42D-2D21F43C50A3}.Debug|Any CPU.ActiveCfg = Debug|Any CPU
		{D79A507E-EE07-482E-B42D-2D21F43C50A3}.Debug|Any CPU.Build.0 = Debug|Any CPU
		{D79A507E-EE07-482E-B42D-2D21F43C50A3}.Release|Any CPU.ActiveCfg = Release|Any CPU
		{D79A507E-EE07-482E-B42D-2D21F43C50A3}.Release|Any CPU.Build.0 = Release|Any CPU
		{9F297119-0C1B-4761-9394-BFB3B83C437B}.Debug|Any CPU.ActiveCfg = Debug|Any CPU
		{9F297119-0C1B-4761-9394-BFB3B83C437B}.Debug|Any CPU.Build.0 = Debug|Any CPU
		{9F297119-0C1B-4761-9394-BFB3B83C437B}.Release|Any CPU.ActiveCfg = Release|Any CPU
		{9F297119-0C1B-4761-9394-BFB3B83C437B}.Release|Any CPU.Build.0 = Release|Any CPU
	EndGlobalSection
	GlobalSection(SolutionProperties) = preSolution
		HideSolutionNode = FALSE
	EndGlobalSection
	GlobalSection(NestedProjects) = preSolution
		{F098720A-4924-40EC-8789-E747159AC357} = {FD21E594-AA6C-4F31-B63A-4ED4DD20548D}
		{7AC37832-8D27-4562-B1C2-1980C83C2D71} = {854E23AE-56BF-478E-BA63-CE3980030501}
		{4282883D-ECA0-4486-9EA2-0C85F9576C2E} = {854E23AE-56BF-478E-BA63-CE3980030501}
		{039B269C-02BD-4E7A-8F5D-4E103D0AB964} = {44123D1A-C3B9-4769-B34A-7A34A42FB0EE}
		{786EBAD5-E0AB-4298-998E-64D7E96F2585} = {99646503-6550-4D47-B5B8-8B5A125BC798}
		{FE4E705A-EBDF-430C-A3DE-71A58C306D16} = {99646503-6550-4D47-B5B8-8B5A125BC798}
		{9181B2CC-C6F2-4D5D-B175-A5FCF0EB431B} = {44123D1A-C3B9-4769-B34A-7A34A42FB0EE}
		{D79A507E-EE07-482E-B42D-2D21F43C50A3} = {4CD91DFD-6367-4DBC-ACB4-202F901F5DCB}
		{9F297119-0C1B-4761-9394-BFB3B83C437B} = {4CD91DFD-6367-4DBC-ACB4-202F901F5DCB}
	EndGlobalSection
	GlobalSection(ExtensibilityGlobals) = postSolution
		VisualSVNWorkingCopyRoot = .
		SolutionGuid = {9C906D8E-C984-497F-99BF-1A1A2F016901}
	EndGlobalSection
EndGlobal
